// !$*UTF8*$!
{
	archiveVersion = 1;
	classes = {
	};
	objectVersion = 45;
	objects = {

/* Begin PBXBuildFile section */
		AA747D9F0F9514B9006C5449 /* iphone_web_Prefix.pch in Headers */ = {isa = PBXBuildFile; fileRef = AA747D9E0F9514B9006C5449 /* iphone_web_Prefix.pch */; };
		AACBBE4A0F95108600F1A2B1 /* Foundation.framework in Frameworks */ = {isa = PBXBuildFile; fileRef = AACBBE490F95108600F1A2B1 /* Foundation.framework */; };
		B45996061248D9B90055E86E /* ConnectionData.h in Headers */ = {isa = PBXBuildFile; fileRef = B45995F61248D9B90055E86E /* ConnectionData.h */; };
		B45996071248D9B90055E86E /* ConnectionData.m in Sources */ = {isa = PBXBuildFile; fileRef = B45995F71248D9B90055E86E /* ConnectionData.m */; };
		B45996081248D9B90055E86E /* ConnectionState.h in Headers */ = {isa = PBXBuildFile; fileRef = B45995F81248D9B90055E86E /* ConnectionState.h */; };
		B45996091248D9B90055E86E /* ConnectionState.m in Sources */ = {isa = PBXBuildFile; fileRef = B45995F91248D9B90055E86E /* ConnectionState.m */; };
		B459960A1248D9B90055E86E /* FileUpload.h in Headers */ = {isa = PBXBuildFile; fileRef = B45995FA1248D9B90055E86E /* FileUpload.h */; };
		B459960B1248D9B90055E86E /* FileUpload.m in Sources */ = {isa = PBXBuildFile; fileRef = B45995FB1248D9B90055E86E /* FileUpload.m */; };
		B459960C1248D9B90055E86E /* NSString+Web.h in Headers */ = {isa = PBXBuildFile; fileRef = B45995FC1248D9B90055E86E /* NSString+Web.h */; };
		B459960D1248D9B90055E86E /* NSString+Web.m in Sources */ = {isa = PBXBuildFile; fileRef = B45995FD1248D9B90055E86E /* NSString+Web.m */; };
		B459960E1248D9B90055E86E /* RemoteImage.h in Headers */ = {isa = PBXBuildFile; fileRef = B45995FE1248D9B90055E86E /* RemoteImage.h */; };
		B459960F1248D9B90055E86E /* RemoteImage.m in Sources */ = {isa = PBXBuildFile; fileRef = B45995FF1248D9B90055E86E /* RemoteImage.m */; };
		B45996101248D9B90055E86E /* WebAction.h in Headers */ = {isa = PBXBuildFile; fileRef = B45996001248D9B90055E86E /* WebAction.h */; };
		B45996111248D9B90055E86E /* WebAction.m in Sources */ = {isa = PBXBuildFile; fileRef = B45996011248D9B90055E86E /* WebAction.m */; };
		B45996121248D9B90055E86E /* WebParams.h in Headers */ = {isa = PBXBuildFile; fileRef = B45996021248D9B90055E86E /* WebParams.h */; };
		B45996131248D9B90055E86E /* WebParams.m in Sources */ = {isa = PBXBuildFile; fileRef = B45996031248D9B90055E86E /* WebParams.m */; };
		B45996141248D9B90055E86E /* WebService.h in Headers */ = {isa = PBXBuildFile; fileRef = B45996041248D9B90055E86E /* WebService.h */; };
		B45996151248D9B90055E86E /* WebService.m in Sources */ = {isa = PBXBuildFile; fileRef = B45996051248D9B90055E86E /* WebService.m */; };
/* End PBXBuildFile section */

/* Begin PBXFileReference section */
		AA747D9E0F9514B9006C5449 /* iphone_web_Prefix.pch */ = {isa = PBXFileReference; fileEncoding = 4; lastKnownFileType = sourcecode.c.h; path = iphone_web_Prefix.pch; sourceTree = SOURCE_ROOT; };
		AACBBE490F95108600F1A2B1 /* Foundation.framework */ = {isa = PBXFileReference; lastKnownFileType = wrapper.framework; name = Foundation.framework; path = System/Library/Frameworks/Foundation.framework; sourceTree = SDKROOT; };
		B45995F61248D9B90055E86E /* ConnectionData.h */ = {isa = PBXFileReference; fileEncoding = 4; lastKnownFileType = sourcecode.c.h; path = ConnectionData.h; sourceTree = "<group>"; };
		B45995F71248D9B90055E86E /* ConnectionData.m */ = {isa = PBXFileReference; fileEncoding = 4; lastKnownFileType = sourcecode.c.objc; path = ConnectionData.m; sourceTree = "<group>"; };
		B45995F81248D9B90055E86E /* ConnectionState.h */ = {isa = PBXFileReference; fileEncoding = 4; lastKnownFileType = sourcecode.c.h; path = ConnectionState.h; sourceTree = "<group>"; };
		B45995F91248D9B90055E86E /* ConnectionState.m */ = {isa = PBXFileReference; fileEncoding = 4; lastKnownFileType = sourcecode.c.objc; path = ConnectionState.m; sourceTree = "<group>"; };
		B45995FA1248D9B90055E86E /* FileUpload.h */ = {isa = PBXFileReference; fileEncoding = 4; lastKnownFileType = sourcecode.c.h; path = FileUpload.h; sourceTree = "<group>"; };
		B45995FB1248D9B90055E86E /* FileUpload.m */ = {isa = PBXFileReference; fileEncoding = 4; lastKnownFileType = sourcecode.c.objc; path = FileUpload.m; sourceTree = "<group>"; };
		B45995FC1248D9B90055E86E /* NSString+Web.h */ = {isa = PBXFileReference; fileEncoding = 4; lastKnownFileType = sourcecode.c.h; path = "NSString+Web.h"; sourceTree = "<group>"; };
		B45995FD1248D9B90055E86E /* NSString+Web.m */ = {isa = PBXFileReference; fileEncoding = 4; lastKnownFileType = sourcecode.c.objc; path = "NSString+Web.m"; sourceTree = "<group>"; };
		B45995FE1248D9B90055E86E /* RemoteImage.h */ = {isa = PBXFileReference; fileEncoding = 4; lastKnownFileType = sourcecode.c.h; path = RemoteImage.h; sourceTree = "<group>"; };
		B45995FF1248D9B90055E86E /* RemoteImage.m */ = {isa = PBXFileReference; fileEncoding = 4; lastKnownFileType = sourcecode.c.objc; path = RemoteImage.m; sourceTree = "<group>"; };
		B45996001248D9B90055E86E /* WebAction.h */ = {isa = PBXFileReference; fileEncoding = 4; lastKnownFileType = sourcecode.c.h; path = WebAction.h; sourceTree = "<group>"; };
		B45996011248D9B90055E86E /* WebAction.m */ = {isa = PBXFileReference; fileEncoding = 4; lastKnownFileType = sourcecode.c.objc; path = WebAction.m; sourceTree = "<group>"; };
		B45996021248D9B90055E86E /* WebParams.h */ = {isa = PBXFileReference; fileEncoding = 4; lastKnownFileType = sourcecode.c.h; path = WebParams.h; sourceTree = "<group>"; };
		B45996031248D9B90055E86E /* WebParams.m */ = {isa = PBXFileReference; fileEncoding = 4; lastKnownFileType = sourcecode.c.objc; path = WebParams.m; sourceTree = "<group>"; };
		B45996041248D9B90055E86E /* WebService.h */ = {isa = PBXFileReference; fileEncoding = 4; lastKnownFileType = sourcecode.c.h; path = WebService.h; sourceTree = "<group>"; };
		B45996051248D9B90055E86E /* WebService.m */ = {isa = PBXFileReference; fileEncoding = 4; lastKnownFileType = sourcecode.c.objc; path = WebService.m; sourceTree = "<group>"; };
		D2AAC07E0554694100DB518D /* libiphone_web.a */ = {isa = PBXFileReference; explicitFileType = archive.ar; includeInIndex = 0; path = libiphone_web.a; sourceTree = BUILT_PRODUCTS_DIR; };
/* End PBXFileReference section */

/* Begin PBXFrameworksBuildPhase section */
		D2AAC07C0554694100DB518D /* Frameworks */ = {
			isa = PBXFrameworksBuildPhase;
			buildActionMask = 2147483647;
			files = (
				AACBBE4A0F95108600F1A2B1 /* Foundation.framework in Frameworks */,
			);
			runOnlyForDeploymentPostprocessing = 0;
		};
/* End PBXFrameworksBuildPhase section */

/* Begin PBXGroup section */
		034768DFFF38A50411DB9C8B /* Products */ = {
			isa = PBXGroup;
			children = (
				D2AAC07E0554694100DB518D /* libiphone_web.a */,
			);
			name = Products;
			sourceTree = "<group>";
		};
		0867D691FE84028FC02AAC07 /* iphone_web */ = {
			isa = PBXGroup;
			children = (
				B45995F51248D9B90055E86E /* Classes */,
				32C88DFF0371C24200C91783 /* Other Sources */,
				0867D69AFE84028FC02AAC07 /* Frameworks */,
				034768DFFF38A50411DB9C8B /* Products */,
			);
			name = iphone_web;
			sourceTree = "<group>";
		};
		0867D69AFE84028FC02AAC07 /* Frameworks */ = {
			isa = PBXGroup;
			children = (
				AACBBE490F95108600F1A2B1 /* Foundation.framework */,
			);
			name = Frameworks;
			sourceTree = "<group>";
		};
		32C88DFF0371C24200C91783 /* Other Sources */ = {
			isa = PBXGroup;
			children = (
				AA747D9E0F9514B9006C5449 /* iphone_web_Prefix.pch */,
			);
			name = "Other Sources";
			sourceTree = "<group>";
		};
		B45995F51248D9B90055E86E /* Classes */ = {
			isa = PBXGroup;
			children = (
				B45995F61248D9B90055E86E /* ConnectionData.h */,
				B45995F71248D9B90055E86E /* ConnectionData.m */,
				B45995F81248D9B90055E86E /* ConnectionState.h */,
				B45995F91248D9B90055E86E /* ConnectionState.m */,
				B45995FA1248D9B90055E86E /* FileUpload.h */,
				B45995FB1248D9B90055E86E /* FileUpload.m */,
				B45995FC1248D9B90055E86E /* NSString+Web.h */,
				B45995FD1248D9B90055E86E /* NSString+Web.m */,
				B45995FE1248D9B90055E86E /* RemoteImage.h */,
				B45995FF1248D9B90055E86E /* RemoteImage.m */,
				B45996001248D9B90055E86E /* WebAction.h */,
				B45996011248D9B90055E86E /* WebAction.m */,
				B45996021248D9B90055E86E /* WebParams.h */,
				B45996031248D9B90055E86E /* WebParams.m */,
				B45996041248D9B90055E86E /* WebService.h */,
				B45996051248D9B90055E86E /* WebService.m */,
			);
			path = Classes;
			sourceTree = "<group>";
		};
/* End PBXGroup section */

/* Begin PBXHeadersBuildPhase section */
		D2AAC07A0554694100DB518D /* Headers */ = {
			isa = PBXHeadersBuildPhase;
			buildActionMask = 2147483647;
			files = (
				AA747D9F0F9514B9006C5449 /* iphone_web_Prefix.pch in Headers */,
				B45996061248D9B90055E86E /* ConnectionData.h in Headers */,
				B45996081248D9B90055E86E /* ConnectionState.h in Headers */,
				B459960A1248D9B90055E86E /* FileUpload.h in Headers */,
				B459960C1248D9B90055E86E /* NSString+Web.h in Headers */,
				B459960E1248D9B90055E86E /* RemoteImage.h in Headers */,
				B45996101248D9B90055E86E /* WebAction.h in Headers */,
				B45996121248D9B90055E86E /* WebParams.h in Headers */,
				B45996141248D9B90055E86E /* WebService.h in Headers */,
			);
			runOnlyForDeploymentPostprocessing = 0;
		};
/* End PBXHeadersBuildPhase section */

/* Begin PBXNativeTarget section */
		D2AAC07D0554694100DB518D /* iphone_web */ = {
			isa = PBXNativeTarget;
			buildConfigurationList = 1DEB921E08733DC00010E9CD /* Build configuration list for PBXNativeTarget "iphone_web" */;
			buildPhases = (
				D2AAC07A0554694100DB518D /* Headers */,
				D2AAC07B0554694100DB518D /* Sources */,
				D2AAC07C0554694100DB518D /* Frameworks */,
			);
			buildRules = (
			);
			dependencies = (
			);
			name = iphone_web;
			productName = iphone_web;
			productReference = D2AAC07E0554694100DB518D /* libiphone_web.a */;
			productType = "com.apple.product-type.library.static";
		};
/* End PBXNativeTarget section */

/* Begin PBXProject section */
		0867D690FE84028FC02AAC07 /* Project object */ = {
			isa = PBXProject;
			buildConfigurationList = 1DEB922208733DC00010E9CD /* Build configuration list for PBXProject "iphone_web" */;
			compatibilityVersion = "Xcode 3.1";
			hasScannedForEncodings = 1;
			mainGroup = 0867D691FE84028FC02AAC07 /* iphone_web */;
			productRefGroup = 034768DFFF38A50411DB9C8B /* Products */;
			projectDirPath = "";
			projectRoot = "";
			targets = (
				D2AAC07D0554694100DB518D /* iphone_web */,
			);
		};
/* End PBXProject section */

/* Begin PBXSourcesBuildPhase section */
		D2AAC07B0554694100DB518D /* Sources */ = {
			isa = PBXSourcesBuildPhase;
			buildActionMask = 2147483647;
			files = (
				B45996071248D9B90055E86E /* ConnectionData.m in Sources */,
				B45996091248D9B90055E86E /* ConnectionState.m in Sources */,
				B459960B1248D9B90055E86E /* FileUpload.m in Sources */,
				B459960D1248D9B90055E86E /* NSString+Web.m in Sources */,
				B459960F1248D9B90055E86E /* RemoteImage.m in Sources */,
				B45996111248D9B90055E86E /* WebAction.m in Sources */,
				B45996131248D9B90055E86E /* WebParams.m in Sources */,
				B45996151248D9B90055E86E /* WebService.m in Sources */,
			);
			runOnlyForDeploymentPostprocessing = 0;
		};
/* End PBXSourcesBuildPhase section */

/* Begin XCBuildConfiguration section */
		1DEB921F08733DC00010E9CD /* Debug */ = {
			isa = XCBuildConfiguration;
			buildSettings = {
				ALWAYS_SEARCH_USER_PATHS = NO;
				ARCHS = "$(ARCHS_STANDARD_32_BIT)";
				COPY_PHASE_STRIP = NO;
				DSTROOT = /tmp/iphone_web.dst;
				GCC_DYNAMIC_NO_PIC = NO;
				GCC_ENABLE_FIX_AND_CONTINUE = YES;
				GCC_MODEL_TUNING = G5;
				GCC_OPTIMIZATION_LEVEL = 0;
				GCC_PRECOMPILE_PREFIX_HEADER = YES;
				GCC_PREFIX_HEADER = iphone_web_Prefix.pch;
				INSTALL_PATH = /usr/local/lib;
				PRODUCT_NAME = iphone_web;
			};
			name = Debug;
		};
		1DEB922008733DC00010E9CD /* Release */ = {
			isa = XCBuildConfiguration;
			buildSettings = {
				ALWAYS_SEARCH_USER_PATHS = NO;
				ARCHS = "$(ARCHS_STANDARD_32_BIT)";
				DSTROOT = /tmp/iphone_web.dst;
				GCC_MODEL_TUNING = G5;
				GCC_PRECOMPILE_PREFIX_HEADER = YES;
				GCC_PREFIX_HEADER = iphone_web_Prefix.pch;
				INSTALL_PATH = /usr/local/lib;
				PRODUCT_NAME = iphone_web;
			};
			name = Release;
		};
		1DEB922308733DC00010E9CD /* Debug */ = {
			isa = XCBuildConfiguration;
			buildSettings = {
				ARCHS = "$(ARCHS_STANDARD_32_BIT)";
				GCC_C_LANGUAGE_STANDARD = c99;
				GCC_OPTIMIZATION_LEVEL = 0;
				GCC_WARN_ABOUT_RETURN_TYPE = YES;
				GCC_WARN_UNUSED_VARIABLE = YES;
				OTHER_LDFLAGS = "-ObjC";
				PREBINDING = NO;
				SDKROOT = iphoneos4.0;
			};
			name = Debug;
		};
		1DEB922408733DC00010E9CD /* Release */ = {
			isa = XCBuildConfiguration;
			buildSettings = {
				ARCHS = "$(ARCHS_STANDARD_32_BIT)";
				GCC_C_LANGUAGE_STANDARD = c99;
				GCC_WARN_ABOUT_RETURN_TYPE = YES;
				GCC_WARN_UNUSED_VARIABLE = YES;
				OTHER_LDFLAGS = "-ObjC";
				PREBINDING = NO;
				SDKROOT = iphoneos4.0;
			};
			name = Release;
		};
/* End XCBuildConfiguration section */

/* Begin XCConfigurationList section */
		1DEB921E08733DC00010E9CD /* Build configuration list for PBXNativeTarget "iphone_web" */ = {
			isa = XCConfigurationList;
			buildConfigurations = (
				1DEB921F08733DC00010E9CD /* Debug */,
				1DEB922008733DC00010E9CD /* Release */,
			);
			defaultConfigurationIsVisible = 0;
			defaultConfigurationName = Release;
		};
		1DEB922208733DC00010E9CD /* Build configuration list for PBXProject "iphone_web" */ = {
			isa = XCConfigurationList;
			buildConfigurations = (
				1DEB922308733DC00010E9CD /* Debug */,
				1DEB922408733DC00010E9CD /* Release */,
			);
			defaultConfigurationIsVisible = 0;
			defaultConfigurationName = Release;
		};
/* End XCConfigurationList section */
	};
	rootObject = 0867D690FE84028FC02AAC07 /* Project object */;
}
